
Microsoft Visual Studio Solution File, Format Version 12.00
# Visual Studio Version 16
VisualStudioVersion = 16.0.31624.102
MinimumVisualStudioVersion = 10.0.40219.1
Project("{FAE04EC0-301F-11D3-BF4B-00C04F79EFBC}") = "aws-proton-demo-app", "aws-proton-demo-app\aws-proton-demo-app.csproj", "{02336940-9DB7-4C05-BBED-86B768B3046F}"
EndProject
Global
	GlobalSection(SolutionConfigurationPlatforms) = preSolution
		Debug|Any CPU = Debug|Any CPU
		Release|Any CPU = Release|Any CPU
	EndGlobalSection
	GlobalSection(ProjectConfigurationPlatforms) = postSolution
		{02336940-9DB7-4C05-BBED-86B768B3046F}.Debug|Any CPU.ActiveCfg = Debug|Any CPU
		{02336940-9DB7-4C05-BBED-86B768B3046F}.Debug|Any CPU.Build.0 = Debug|Any CPU
		{02336940-9DB7-4C05-BBED-86B768B3046F}.Release|Any CPU.ActiveCfg = Release|Any CPU
		{02336940-9DB7-4C05-BBED-86B768B3046F}.Release|Any CPU.Build.0 = Release|Any CPU
	EndGlobalSection
	GlobalSection(SolutionProperties) = preSolution
		HideSolutionNode = FALSE
	EndGlobalSection
	GlobalSection(ExtensibilityGlobals) = postSolution
		SolutionGuid = {0846E56C-4068-43DF-8571-6741D6E69DFD}
	EndGlobalSection
EndGlobal
